
Microsoft Visual Studio Solution File, Format Version 12.00
# Visual Studio 2012
Project("{FAE04EC0-301F-11D3-BF4B-00C04F79EFBC}") = "02.GreedyDwarf", "02GreedyDwarf\02.GreedyDwarf.csproj", "{3BFF1A9A-7D55-4F15-BAFA-9D74A05F5CA5}"
EndProject
Project("{FAE04EC0-301F-11D3-BF4B-00C04F79EFBC}") = "01.KaspichanNumbers", "01.KaspichanNumbers\01.KaspichanNumbers.csproj", "{B5C71028-D575-4D84-BFA0-A356F0A34BA9}"
EndProject
Project("{FAE04EC0-301F-11D3-BF4B-00C04F79EFBC}") = "11.DurankulakNumbers", "11.DurankulakNumbers\11.DurankulakNumbers.csproj", "{FF6B2455-A2B1-4426-938F-C02DB423ED91}"
EndProject
Project("{FAE04EC0-301F-11D3-BF4B-00C04F79EFBC}") = "21.9GagNumbers", "21.9GagNumbers\21.9GagNumbers.csproj", "{25E6B8B3-CB3B-4DDC-A459-8CCDF9EAF1C9}"
EndProject
Project("{FAE04EC0-301F-11D3-BF4B-00C04F79EFBC}") = "22.SpepialValue", "22.SpepialValue\22.SpepialValue.csproj", "{F4720379-4D19-4192-99A0-75384B432280}"
EndProject
Project("{FAE04EC0-301F-11D3-BF4B-00C04F79EFBC}") = "12.JoroTheRabbit", "12.JoroTheRabbit\12.JoroTheRabbit.csproj", "{B55107B9-7E1C-4245-84B2-2647D57F4073}"
EndProject
Project("{FAE04EC0-301F-11D3-BF4B-00C04F79EFBC}") = "13.Laser", "23.Laser\13.Laser.csproj", "{27AFD8FD-0163-4670-B31C-B0B3ADDBC2EF}"
EndProject
Project("{FAE04EC0-301F-11D3-BF4B-00C04F79EFBC}") = "23.KukataIsDancing", "23.KukataIsDancing\23.KukataIsDancing.csproj", "{CACA6FB0-840E-431C-B2B1-0B71C2896DEE}"
EndProject
Project("{FAE04EC0-301F-11D3-BF4B-00C04F79EFBC}") = "03.Slides", "03.Slides\03.Slides.csproj", "{4020F7BA-D632-4CDF-88D3-1F7B015F3DCA}"
EndProject
Project("{FAE04EC0-301F-11D3-BF4B-00C04F79EFBC}") = "34.3DSlices", "34.3DSlices\34.3DSlices.csproj", "{1AE877C9-0CAB-4537-9142-331B9FD4CC20}"
EndProject
Project("{FAE04EC0-301F-11D3-BF4B-00C04F79EFBC}") = "32.MessagesInABottle", "32.MessagesInABottle\32.MessagesInABottle.csproj", "{94C7F7F0-086D-42C5-8330-682A78AA53D7}"
EndProject
Project("{FAE04EC0-301F-11D3-BF4B-00C04F79EFBC}") = "14.CSharpBrackets", "14.CSharpBrackets\14.CSharpBrackets.csproj", "{05520E6A-33F4-4C6B-B47B-413CF2E884E5}"
EndProject
Project("{FAE04EC0-301F-11D3-BF4B-00C04F79EFBC}") = "04.ConsoleJustification", "04.ConsoleJustification\04.ConsoleJustification.csproj", "{EBD7D7E6-6A5D-42D5-87F0-C52ACECB8E18}"
EndProject
Project("{FAE04EC0-301F-11D3-BF4B-00C04F79EFBC}") = "24.FTML", "24.FTML\24.FTML.csproj", "{9E29B1D4-B532-462E-8848-0DAEBA799400}"
EndProject
Global
	GlobalSection(SolutionConfigurationPlatforms) = preSolution
		Debug|Any CPU = Debug|Any CPU
		Release|Any CPU = Release|Any CPU
	EndGlobalSection
	GlobalSection(ProjectConfigurationPlatforms) = postSolution
		{3BFF1A9A-7D55-4F15-BAFA-9D74A05F5CA5}.Debug|Any CPU.ActiveCfg = Debug|Any CPU
		{3BFF1A9A-7D55-4F15-BAFA-9D74A05F5CA5}.Debug|Any CPU.Build.0 = Debug|Any CPU
		{3BFF1A9A-7D55-4F15-BAFA-9D74A05F5CA5}.Release|Any CPU.ActiveCfg = Release|Any CPU
		{3BFF1A9A-7D55-4F15-BAFA-9D74A05F5CA5}.Release|Any CPU.Build.0 = Release|Any CPU
		{B5C71028-D575-4D84-BFA0-A356F0A34BA9}.Debug|Any CPU.ActiveCfg = Debug|Any CPU
		{B5C71028-D575-4D84-BFA0-A356F0A34BA9}.Debug|Any CPU.Build.0 = Debug|Any CPU
		{B5C71028-D575-4D84-BFA0-A356F0A34BA9}.Release|Any CPU.ActiveCfg = Release|Any CPU
		{B5C71028-D575-4D84-BFA0-A356F0A34BA9}.Release|Any CPU.Build.0 = Release|Any CPU
		{FF6B2455-A2B1-4426-938F-C02DB423ED91}.Debug|Any CPU.ActiveCfg = Debug|Any CPU
		{FF6B2455-A2B1-4426-938F-C02DB423ED91}.Debug|Any CPU.Build.0 = Debug|Any CPU
		{FF6B2455-A2B1-4426-938F-C02DB423ED91}.Release|Any CPU.ActiveCfg = Release|Any CPU
		{FF6B2455-A2B1-4426-938F-C02DB423ED91}.Release|Any CPU.Build.0 = Release|Any CPU
		{25E6B8B3-CB3B-4DDC-A459-8CCDF9EAF1C9}.Debug|Any CPU.ActiveCfg = Debug|Any CPU
		{25E6B8B3-CB3B-4DDC-A459-8CCDF9EAF1C9}.Debug|Any CPU.Build.0 = Debug|Any CPU
		{25E6B8B3-CB3B-4DDC-A459-8CCDF9EAF1C9}.Release|Any CPU.ActiveCfg = Release|Any CPU
		{25E6B8B3-CB3B-4DDC-A459-8CCDF9EAF1C9}.Release|Any CPU.Build.0 = Release|Any CPU
		{F4720379-4D19-4192-99A0-75384B432280}.Debug|Any CPU.ActiveCfg = Debug|Any CPU
		{F4720379-4D19-4192-99A0-75384B432280}.Debug|Any CPU.Build.0 = Debug|Any CPU
		{F4720379-4D19-4192-99A0-75384B432280}.Release|Any CPU.ActiveCfg = Release|Any CPU
		{F4720379-4D19-4192-99A0-75384B432280}.Release|Any CPU.Build.0 = Release|Any CPU
		{B55107B9-7E1C-4245-84B2-2647D57F4073}.Debug|Any CPU.ActiveCfg = Debug|Any CPU
		{B55107B9-7E1C-4245-84B2-2647D57F4073}.Debug|Any CPU.Build.0 = Debug|Any CPU
		{B55107B9-7E1C-4245-84B2-2647D57F4073}.Release|Any CPU.ActiveCfg = Release|Any CPU
		{B55107B9-7E1C-4245-84B2-2647D57F4073}.Release|Any CPU.Build.0 = Release|Any CPU
		{27AFD8FD-0163-4670-B31C-B0B3ADDBC2EF}.Debug|Any CPU.ActiveCfg = Debug|Any CPU
		{27AFD8FD-0163-4670-B31C-B0B3ADDBC2EF}.Debug|Any CPU.Build.0 = Debug|Any CPU
		{27AFD8FD-0163-4670-B31C-B0B3ADDBC2EF}.Release|Any CPU.ActiveCfg = Release|Any CPU
		{27AFD8FD-0163-4670-B31C-B0B3ADDBC2EF}.Release|Any CPU.Build.0 = Release|Any CPU
		{CACA6FB0-840E-431C-B2B1-0B71C2896DEE}.Debug|Any CPU.ActiveCfg = Debug|Any CPU
		{CACA6FB0-840E-431C-B2B1-0B71C2896DEE}.Debug|Any CPU.Build.0 = Debug|Any CPU
		{CACA6FB0-840E-431C-B2B1-0B71C2896DEE}.Release|Any CPU.ActiveCfg = Release|Any CPU
		{CACA6FB0-840E-431C-B2B1-0B71C2896DEE}.Release|Any CPU.Build.0 = Release|Any CPU
		{4020F7BA-D632-4CDF-88D3-1F7B015F3DCA}.Debug|Any CPU.ActiveCfg = Debug|Any CPU
		{4020F7BA-D632-4CDF-88D3-1F7B015F3DCA}.Debug|Any CPU.Build.0 = Debug|Any CPU
		{4020F7BA-D632-4CDF-88D3-1F7B015F3DCA}.Release|Any CPU.ActiveCfg = Release|Any CPU
		{4020F7BA-D632-4CDF-88D3-1F7B015F3DCA}.Release|Any CPU.Build.0 = Release|Any CPU
		{1AE877C9-0CAB-4537-9142-331B9FD4CC20}.Debug|Any CPU.ActiveCfg = Debug|Any CPU
		{1AE877C9-0CAB-4537-9142-331B9FD4CC20}.Debug|Any CPU.Build.0 = Debug|Any CPU
		{1AE877C9-0CAB-4537-9142-331B9FD4CC20}.Release|Any CPU.ActiveCfg = Release|Any CPU
		{1AE877C9-0CAB-4537-9142-331B9FD4CC20}.Release|Any CPU.Build.0 = Release|Any CPU
		{94C7F7F0-086D-42C5-8330-682A78AA53D7}.Debug|Any CPU.ActiveCfg = Debug|Any CPU
		{94C7F7F0-086D-42C5-8330-682A78AA53D7}.Debug|Any CPU.Build.0 = Debug|Any CPU
		{94C7F7F0-086D-42C5-8330-682A78AA53D7}.Release|Any CPU.ActiveCfg = Release|Any CPU
		{94C7F7F0-086D-42C5-8330-682A78AA53D7}.Release|Any CPU.Build.0 = Release|Any CPU
		{05520E6A-33F4-4C6B-B47B-413CF2E884E5}.Debug|Any CPU.ActiveCfg = Debug|Any CPU
		{05520E6A-33F4-4C6B-B47B-413CF2E884E5}.Debug|Any CPU.Build.0 = Debug|Any CPU
		{05520E6A-33F4-4C6B-B47B-413CF2E884E5}.Release|Any CPU.ActiveCfg = Release|Any CPU
		{05520E6A-33F4-4C6B-B47B-413CF2E884E5}.Release|Any CPU.Build.0 = Release|Any CPU
		{EBD7D7E6-6A5D-42D5-87F0-C52ACECB8E18}.Debug|Any CPU.ActiveCfg = Debug|Any CPU
		{EBD7D7E6-6A5D-42D5-87F0-C52ACECB8E18}.Debug|Any CPU.Build.0 = Debug|Any CPU
		{EBD7D7E6-6A5D-42D5-87F0-C52ACECB8E18}.Release|Any CPU.ActiveCfg = Release|Any CPU
		{EBD7D7E6-6A5D-42D5-87F0-C52ACECB8E18}.Release|Any CPU.Build.0 = Release|Any CPU
		{9E29B1D4-B532-462E-8848-0DAEBA799400}.Debug|Any CPU.ActiveCfg = Debug|Any CPU
		{9E29B1D4-B532-462E-8848-0DAEBA799400}.Debug|Any CPU.Build.0 = Debug|Any CPU
		{9E29B1D4-B532-462E-8848-0DAEBA799400}.Release|Any CPU.ActiveCfg = Release|Any CPU
		{9E29B1D4-B532-462E-8848-0DAEBA799400}.Release|Any CPU.Build.0 = Release|Any CPU
	EndGlobalSection
	GlobalSection(SolutionProperties) = preSolution
		HideSolutionNode = FALSE
	EndGlobalSection
EndGlobal
