
Microsoft Visual Studio Solution File, Format Version 12.00
# Visual Studio 2012
Project("{FAE04EC0-301F-11D3-BF4B-00C04F79EFBC}") = "06.Functions", "06.Functions\06.Functions.csproj", "{D3AFBAFF-B801-405D-86E7-34B77F9C4D54}"
EndProject
Global
	GlobalSection(SolutionConfigurationPlatforms) = preSolution
		Debug|Any CPU = Debug|Any CPU
		Release|Any CPU = Release|Any CPU
	EndGlobalSection
	GlobalSection(ProjectConfigurationPlatforms) = postSolution
		{D3AFBAFF-B801-405D-86E7-34B77F9C4D54}.Debug|Any CPU.ActiveCfg = Debug|Any CPU
		{D3AFBAFF-B801-405D-86E7-34B77F9C4D54}.Debug|Any CPU.Build.0 = Debug|Any CPU
		{D3AFBAFF-B801-405D-86E7-34B77F9C4D54}.Release|Any CPU.ActiveCfg = Release|Any CPU
		{D3AFBAFF-B801-405D-86E7-34B77F9C4D54}.Release|Any CPU.Build.0 = Release|Any CPU
	EndGlobalSection
	GlobalSection(SolutionProperties) = preSolution
		HideSolutionNode = FALSE
	EndGlobalSection
EndGlobal
