
Microsoft Visual Studio Solution File, Format Version 10.00
# Visual Studio 2008
Project("{FAE04EC0-301F-11D3-BF4B-00C04F79EFBC}") = "01.CalcSqrt", "01.CalcSquare\01.CalcSqrt.csproj", "{AD87746C-55B5-4DBD-B54D-08AFD2EA1909}"
EndProject
Project("{FAE04EC0-301F-11D3-BF4B-00C04F79EFBC}") = "02.ReadTenNumbers", "02.ReadTenNumbers\02.ReadTenNumbers.csproj", "{A9281E49-C906-4FE9-9450-A1D8A337A584}"
EndProject
Project("{FAE04EC0-301F-11D3-BF4B-00C04F79EFBC}") = "03.ReadAndPrintFile", "03.ReadAndPrintFile\03.ReadAndPrintFile.csproj", "{2EA0149D-E824-4BEC-A31C-D695A2023BA7}"
EndProject
Project("{FAE04EC0-301F-11D3-BF4B-00C04F79EFBC}") = "04.DownloadFileFromInternet", "04.DownloadFileFromInternet\04.DownloadFileFromInternet.csproj", "{247427E1-9EB7-4FCB-BCDC-4AAE1CBC4E62}"
EndProject
Global
	GlobalSection(SolutionConfigurationPlatforms) = preSolution
		Debug|Any CPU = Debug|Any CPU
		Release|Any CPU = Release|Any CPU
	EndGlobalSection
	GlobalSection(ProjectConfigurationPlatforms) = postSolution
		{AD87746C-55B5-4DBD-B54D-08AFD2EA1909}.Debug|Any CPU.ActiveCfg = Debug|Any CPU
		{AD87746C-55B5-4DBD-B54D-08AFD2EA1909}.Debug|Any CPU.Build.0 = Debug|Any CPU
		{AD87746C-55B5-4DBD-B54D-08AFD2EA1909}.Release|Any CPU.ActiveCfg = Release|Any CPU
		{AD87746C-55B5-4DBD-B54D-08AFD2EA1909}.Release|Any CPU.Build.0 = Release|Any CPU
		{A9281E49-C906-4FE9-9450-A1D8A337A584}.Debug|Any CPU.ActiveCfg = Debug|Any CPU
		{A9281E49-C906-4FE9-9450-A1D8A337A584}.Debug|Any CPU.Build.0 = Debug|Any CPU
		{A9281E49-C906-4FE9-9450-A1D8A337A584}.Release|Any CPU.ActiveCfg = Release|Any CPU
		{A9281E49-C906-4FE9-9450-A1D8A337A584}.Release|Any CPU.Build.0 = Release|Any CPU
		{2EA0149D-E824-4BEC-A31C-D695A2023BA7}.Debug|Any CPU.ActiveCfg = Debug|Any CPU
		{2EA0149D-E824-4BEC-A31C-D695A2023BA7}.Debug|Any CPU.Build.0 = Debug|Any CPU
		{2EA0149D-E824-4BEC-A31C-D695A2023BA7}.Release|Any CPU.ActiveCfg = Release|Any CPU
		{2EA0149D-E824-4BEC-A31C-D695A2023BA7}.Release|Any CPU.Build.0 = Release|Any CPU
		{247427E1-9EB7-4FCB-BCDC-4AAE1CBC4E62}.Debug|Any CPU.ActiveCfg = Debug|Any CPU
		{247427E1-9EB7-4FCB-BCDC-4AAE1CBC4E62}.Debug|Any CPU.Build.0 = Debug|Any CPU
		{247427E1-9EB7-4FCB-BCDC-4AAE1CBC4E62}.Release|Any CPU.ActiveCfg = Release|Any CPU
		{247427E1-9EB7-4FCB-BCDC-4AAE1CBC4E62}.Release|Any CPU.Build.0 = Release|Any CPU
	EndGlobalSection
	GlobalSection(SolutionProperties) = preSolution
		HideSolutionNode = FALSE
	EndGlobalSection
EndGlobal
