
Microsoft Visual Studio Solution File, Format Version 12.00
# Visual Studio 2012
Project("{FAE04EC0-301F-11D3-BF4B-00C04F79EFBC}") = "01.School", "01.School\01.School.csproj", "{36FFE2BA-CD06-44E4-9F8A-C78161AEB353}"
EndProject
Project("{FAE04EC0-301F-11D3-BF4B-00C04F79EFBC}") = "02.Humans", "02.Humans\02.Humans.csproj", "{B961BDDB-06BD-4953-B73F-E93D7A9D0215}"
EndProject
Project("{FAE04EC0-301F-11D3-BF4B-00C04F79EFBC}") = "03Animals", "03Animals\03Animals.csproj", "{5615B37E-7AB2-4F60-ABE0-DDBE90C6601F}"
EndProject
Global
	GlobalSection(SolutionConfigurationPlatforms) = preSolution
		Debug|Any CPU = Debug|Any CPU
		Release|Any CPU = Release|Any CPU
	EndGlobalSection
	GlobalSection(ProjectConfigurationPlatforms) = postSolution
		{36FFE2BA-CD06-44E4-9F8A-C78161AEB353}.Debug|Any CPU.ActiveCfg = Debug|Any CPU
		{36FFE2BA-CD06-44E4-9F8A-C78161AEB353}.Debug|Any CPU.Build.0 = Debug|Any CPU
		{36FFE2BA-CD06-44E4-9F8A-C78161AEB353}.Release|Any CPU.ActiveCfg = Release|Any CPU
		{36FFE2BA-CD06-44E4-9F8A-C78161AEB353}.Release|Any CPU.Build.0 = Release|Any CPU
		{B961BDDB-06BD-4953-B73F-E93D7A9D0215}.Debug|Any CPU.ActiveCfg = Debug|Any CPU
		{B961BDDB-06BD-4953-B73F-E93D7A9D0215}.Debug|Any CPU.Build.0 = Debug|Any CPU
		{B961BDDB-06BD-4953-B73F-E93D7A9D0215}.Release|Any CPU.ActiveCfg = Release|Any CPU
		{B961BDDB-06BD-4953-B73F-E93D7A9D0215}.Release|Any CPU.Build.0 = Release|Any CPU
		{5615B37E-7AB2-4F60-ABE0-DDBE90C6601F}.Debug|Any CPU.ActiveCfg = Debug|Any CPU
		{5615B37E-7AB2-4F60-ABE0-DDBE90C6601F}.Debug|Any CPU.Build.0 = Debug|Any CPU
		{5615B37E-7AB2-4F60-ABE0-DDBE90C6601F}.Release|Any CPU.ActiveCfg = Release|Any CPU
		{5615B37E-7AB2-4F60-ABE0-DDBE90C6601F}.Release|Any CPU.Build.0 = Release|Any CPU
	EndGlobalSection
	GlobalSection(SolutionProperties) = preSolution
		HideSolutionNode = FALSE
	EndGlobalSection
EndGlobal
