
Microsoft Visual Studio Solution File, Format Version 12.00
# Visual Studio 2012
Project("{FAE04EC0-301F-11D3-BF4B-00C04F79EFBC}") = "01.OddOrEven", "01.OddOrEven\01.OddOrEven.csproj", "{1831F547-DE35-4D5D-8754-8E458853AF08}"
EndProject
Project("{FAE04EC0-301F-11D3-BF4B-00C04F79EFBC}") = "02.DevideBy7And5", "02.DevideBy7And5\02.DevideBy7And5.csproj", "{1EEFDDE1-6D8F-46AA-99B1-CEA150045F31}"
EndProject
Project("{FAE04EC0-301F-11D3-BF4B-00C04F79EFBC}") = "03.Rectangle", "03.Rectangle\03.Rectangle.csproj", "{4DCA11C0-26B8-4C19-9B05-3C8AC800F2EC}"
EndProject
Project("{FAE04EC0-301F-11D3-BF4B-00C04F79EFBC}") = "07.PrimeNumber", "07.PrimeNumber\07.PrimeNumber.csproj", "{5440B1C6-9E5D-43A9-A847-93DD0C9910E1}"
EndProject
Project("{FAE04EC0-301F-11D3-BF4B-00C04F79EFBC}") = "06.Circle", "06.Circle\06.Circle.csproj", "{360748E6-156D-4260-8618-B28728EEE833}"
EndProject
Project("{FAE04EC0-301F-11D3-BF4B-00C04F79EFBC}") = "08.TrapezoidArea", "08.TrapezoidArea\08.TrapezoidArea.csproj", "{03337191-FCA6-40DF-9014-1676E6E426FD}"
EndProject
Project("{FAE04EC0-301F-11D3-BF4B-00C04F79EFBC}") = "09.CircleAndRectangle", "09.CircleAndRectangle\09.CircleAndRectangle.csproj", "{7205DBE2-475B-4FF4-B146-02DE051D21FB}"
EndProject
Project("{FAE04EC0-301F-11D3-BF4B-00C04F79EFBC}") = "04.ThirdDigit", "04.ThirdDigit\04.ThirdDigit.csproj", "{D7AD5B5A-6590-4EFF-B7BB-E602C0DE1AA5}"
EndProject
Project("{FAE04EC0-301F-11D3-BF4B-00C04F79EFBC}") = "05.ThirdBit", "05.ThirdBit\05.ThirdBit.csproj", "{D81E1610-D1B6-4E9B-A10A-300010C93B57}"
EndProject
Project("{FAE04EC0-301F-11D3-BF4B-00C04F79EFBC}") = "10.BitPosition", "10.BitPosition\10.BitPosition.csproj", "{B64DB8DC-DC5A-42F7-85CB-60D88C87206B}"
EndProject
Project("{FAE04EC0-301F-11D3-BF4B-00C04F79EFBC}") = "11.ExtractABit", "11.ExtractABit\11.ExtractABit.csproj", "{962C03BB-2097-4E98-84F4-1C3E6808895F}"
EndProject
Project("{FAE04EC0-301F-11D3-BF4B-00C04F79EFBC}") = "12.BitChanging", "12.BitChanging\12.BitChanging.csproj", "{4B0EEE39-99CF-493C-8807-B6426982FBB5}"
EndProject
Project("{FAE04EC0-301F-11D3-BF4B-00C04F79EFBC}") = "13.BitsExchanging", "13.BitsExchanging\13.BitsExchanging.csproj", "{37FAFB07-AF39-45B2-81C7-037E78240B0F}"
EndProject
Global
	GlobalSection(SolutionConfigurationPlatforms) = preSolution
		Debug|Any CPU = Debug|Any CPU
		Release|Any CPU = Release|Any CPU
	EndGlobalSection
	GlobalSection(ProjectConfigurationPlatforms) = postSolution
		{1831F547-DE35-4D5D-8754-8E458853AF08}.Debug|Any CPU.ActiveCfg = Debug|Any CPU
		{1831F547-DE35-4D5D-8754-8E458853AF08}.Debug|Any CPU.Build.0 = Debug|Any CPU
		{1831F547-DE35-4D5D-8754-8E458853AF08}.Release|Any CPU.ActiveCfg = Release|Any CPU
		{1831F547-DE35-4D5D-8754-8E458853AF08}.Release|Any CPU.Build.0 = Release|Any CPU
		{1EEFDDE1-6D8F-46AA-99B1-CEA150045F31}.Debug|Any CPU.ActiveCfg = Debug|Any CPU
		{1EEFDDE1-6D8F-46AA-99B1-CEA150045F31}.Debug|Any CPU.Build.0 = Debug|Any CPU
		{1EEFDDE1-6D8F-46AA-99B1-CEA150045F31}.Release|Any CPU.ActiveCfg = Release|Any CPU
		{1EEFDDE1-6D8F-46AA-99B1-CEA150045F31}.Release|Any CPU.Build.0 = Release|Any CPU
		{4DCA11C0-26B8-4C19-9B05-3C8AC800F2EC}.Debug|Any CPU.ActiveCfg = Debug|Any CPU
		{4DCA11C0-26B8-4C19-9B05-3C8AC800F2EC}.Debug|Any CPU.Build.0 = Debug|Any CPU
		{4DCA11C0-26B8-4C19-9B05-3C8AC800F2EC}.Release|Any CPU.ActiveCfg = Release|Any CPU
		{4DCA11C0-26B8-4C19-9B05-3C8AC800F2EC}.Release|Any CPU.Build.0 = Release|Any CPU
		{5440B1C6-9E5D-43A9-A847-93DD0C9910E1}.Debug|Any CPU.ActiveCfg = Debug|Any CPU
		{5440B1C6-9E5D-43A9-A847-93DD0C9910E1}.Debug|Any CPU.Build.0 = Debug|Any CPU
		{5440B1C6-9E5D-43A9-A847-93DD0C9910E1}.Release|Any CPU.ActiveCfg = Release|Any CPU
		{5440B1C6-9E5D-43A9-A847-93DD0C9910E1}.Release|Any CPU.Build.0 = Release|Any CPU
		{360748E6-156D-4260-8618-B28728EEE833}.Debug|Any CPU.ActiveCfg = Debug|Any CPU
		{360748E6-156D-4260-8618-B28728EEE833}.Debug|Any CPU.Build.0 = Debug|Any CPU
		{360748E6-156D-4260-8618-B28728EEE833}.Release|Any CPU.ActiveCfg = Release|Any CPU
		{360748E6-156D-4260-8618-B28728EEE833}.Release|Any CPU.Build.0 = Release|Any CPU
		{03337191-FCA6-40DF-9014-1676E6E426FD}.Debug|Any CPU.ActiveCfg = Debug|Any CPU
		{03337191-FCA6-40DF-9014-1676E6E426FD}.Debug|Any CPU.Build.0 = Debug|Any CPU
		{03337191-FCA6-40DF-9014-1676E6E426FD}.Release|Any CPU.ActiveCfg = Release|Any CPU
		{03337191-FCA6-40DF-9014-1676E6E426FD}.Release|Any CPU.Build.0 = Release|Any CPU
		{7205DBE2-475B-4FF4-B146-02DE051D21FB}.Debug|Any CPU.ActiveCfg = Debug|Any CPU
		{7205DBE2-475B-4FF4-B146-02DE051D21FB}.Debug|Any CPU.Build.0 = Debug|Any CPU
		{7205DBE2-475B-4FF4-B146-02DE051D21FB}.Release|Any CPU.ActiveCfg = Release|Any CPU
		{7205DBE2-475B-4FF4-B146-02DE051D21FB}.Release|Any CPU.Build.0 = Release|Any CPU
		{D7AD5B5A-6590-4EFF-B7BB-E602C0DE1AA5}.Debug|Any CPU.ActiveCfg = Debug|Any CPU
		{D7AD5B5A-6590-4EFF-B7BB-E602C0DE1AA5}.Debug|Any CPU.Build.0 = Debug|Any CPU
		{D7AD5B5A-6590-4EFF-B7BB-E602C0DE1AA5}.Release|Any CPU.ActiveCfg = Release|Any CPU
		{D7AD5B5A-6590-4EFF-B7BB-E602C0DE1AA5}.Release|Any CPU.Build.0 = Release|Any CPU
		{D81E1610-D1B6-4E9B-A10A-300010C93B57}.Debug|Any CPU.ActiveCfg = Debug|Any CPU
		{D81E1610-D1B6-4E9B-A10A-300010C93B57}.Debug|Any CPU.Build.0 = Debug|Any CPU
		{D81E1610-D1B6-4E9B-A10A-300010C93B57}.Release|Any CPU.ActiveCfg = Release|Any CPU
		{D81E1610-D1B6-4E9B-A10A-300010C93B57}.Release|Any CPU.Build.0 = Release|Any CPU
		{B64DB8DC-DC5A-42F7-85CB-60D88C87206B}.Debug|Any CPU.ActiveCfg = Debug|Any CPU
		{B64DB8DC-DC5A-42F7-85CB-60D88C87206B}.Debug|Any CPU.Build.0 = Debug|Any CPU
		{B64DB8DC-DC5A-42F7-85CB-60D88C87206B}.Release|Any CPU.ActiveCfg = Release|Any CPU
		{B64DB8DC-DC5A-42F7-85CB-60D88C87206B}.Release|Any CPU.Build.0 = Release|Any CPU
		{962C03BB-2097-4E98-84F4-1C3E6808895F}.Debug|Any CPU.ActiveCfg = Debug|Any CPU
		{962C03BB-2097-4E98-84F4-1C3E6808895F}.Debug|Any CPU.Build.0 = Debug|Any CPU
		{962C03BB-2097-4E98-84F4-1C3E6808895F}.Release|Any CPU.ActiveCfg = Release|Any CPU
		{962C03BB-2097-4E98-84F4-1C3E6808895F}.Release|Any CPU.Build.0 = Release|Any CPU
		{4B0EEE39-99CF-493C-8807-B6426982FBB5}.Debug|Any CPU.ActiveCfg = Debug|Any CPU
		{4B0EEE39-99CF-493C-8807-B6426982FBB5}.Debug|Any CPU.Build.0 = Debug|Any CPU
		{4B0EEE39-99CF-493C-8807-B6426982FBB5}.Release|Any CPU.ActiveCfg = Release|Any CPU
		{4B0EEE39-99CF-493C-8807-B6426982FBB5}.Release|Any CPU.Build.0 = Release|Any CPU
		{37FAFB07-AF39-45B2-81C7-037E78240B0F}.Debug|Any CPU.ActiveCfg = Debug|Any CPU
		{37FAFB07-AF39-45B2-81C7-037E78240B0F}.Debug|Any CPU.Build.0 = Debug|Any CPU
		{37FAFB07-AF39-45B2-81C7-037E78240B0F}.Release|Any CPU.ActiveCfg = Release|Any CPU
		{37FAFB07-AF39-45B2-81C7-037E78240B0F}.Release|Any CPU.Build.0 = Release|Any CPU
	EndGlobalSection
	GlobalSection(SolutionProperties) = preSolution
		HideSolutionNode = FALSE
	EndGlobalSection
EndGlobal
