
Microsoft Visual Studio Solution File, Format Version 12.00
# Visual Studio 2012
Project("{FAE04EC0-301F-11D3-BF4B-00C04F79EFBC}") = "01.MultipliedByFive", "01.MultipliedByFive\01.MultipliedByFive.csproj", "{BA87E4E6-8D04-47E6-9F70-84713AC54BE6}"
EndProject
Project("{FAE04EC0-301F-11D3-BF4B-00C04F79EFBC}") = "02.ComparingArrays", "02.ComparingArrays\02.ComparingArrays.csproj", "{167AB75F-7187-4B5B-87A4-93867AA31CEA}"
EndProject
Project("{FAE04EC0-301F-11D3-BF4B-00C04F79EFBC}") = "03.ComparingCharArrays", "03.ComparingCharArrays\03.ComparingCharArrays.csproj", "{DBF0E95F-804E-480F-A5D1-131E27894E9D}"
EndProject
Project("{FAE04EC0-301F-11D3-BF4B-00C04F79EFBC}") = "04.SequenceOfEqualElements", "04.SequenceOfEqualElements\04.SequenceOfEqualElements.csproj", "{085337A1-09F5-401A-AA44-96CE2CF9AEDB}"
EndProject
Project("{FAE04EC0-301F-11D3-BF4B-00C04F79EFBC}") = "05.MaximalIncreasingSequence", "05.MaximalIncreasingSequence\05.MaximalIncreasingSequence.csproj", "{7C2F64C9-39EB-47CA-AD0D-60C5F480ED89}"
EndProject
Project("{FAE04EC0-301F-11D3-BF4B-00C04F79EFBC}") = "06.MaximalSumOfKElements", "06.MaximalSumOfKElements\06.MaximalSumOfKElements.csproj", "{5360EF56-2E61-4362-9DA0-1A5B6C3A4FAE}"
EndProject
Project("{FAE04EC0-301F-11D3-BF4B-00C04F79EFBC}") = "07.SortingAnArray", "07.SortingAnArray\07.SortingAnArray.csproj", "{A81522CA-353A-49E2-A4F4-FD9A27720919}"
EndProject
Project("{FAE04EC0-301F-11D3-BF4B-00C04F79EFBC}") = "08.SequenceOfMaximalSum", "08.SequenceOfMaximalSum\08.SequenceOfMaximalSum.csproj", "{9E791C97-8BA8-4E21-9E60-76EA27DD467A}"
EndProject
Project("{FAE04EC0-301F-11D3-BF4B-00C04F79EFBC}") = "09.MostFrequentNumber", "09.MostFrequentNumber\09.MostFrequentNumber.csproj", "{458D99FC-FB70-4060-B2F1-0F596C93C23A}"
EndProject
Project("{FAE04EC0-301F-11D3-BF4B-00C04F79EFBC}") = "10.SequenceOfGivenSum", "10.SequenceOfGivenSum\10.SequenceOfGivenSum.csproj", "{A7B08CA5-4E16-4C5D-8329-71FFF350D0D3}"
EndProject
Project("{FAE04EC0-301F-11D3-BF4B-00C04F79EFBC}") = "11.BinarySearch", "11.BinarySearch\11.BinarySearch.csproj", "{76650959-A2CB-4364-9697-BEA5F1166B1C}"
EndProject
Project("{FAE04EC0-301F-11D3-BF4B-00C04F79EFBC}") = "12.Alphabet", "11.Alphabet\12.Alphabet.csproj", "{C5C08D02-4DB7-4025-A30F-AA5D06DEA261}"
EndProject
Project("{FAE04EC0-301F-11D3-BF4B-00C04F79EFBC}") = "14.QuickSort", "14.quickort\14.QuickSort.csproj", "{6D8A4B55-931A-411F-A4A4-981646101A7A}"
EndProject
Project("{FAE04EC0-301F-11D3-BF4B-00C04F79EFBC}") = "15.SieveOfEratosthenes", "15.SieveOfEratosthenes\15.SieveOfEratosthenes.csproj", "{32C1681F-1EAC-471B-A1A4-1161A3BB76E6}"
EndProject
Project("{FAE04EC0-301F-11D3-BF4B-00C04F79EFBC}") = "20.Variations", "20.Variations\20.Variations.csproj", "{103FE643-EC25-464B-AB5C-00A856EFE765}"
EndProject
Project("{FAE04EC0-301F-11D3-BF4B-00C04F79EFBC}") = "21.Combinations", "21.Combinations\21.Combinations.csproj", "{9094B87A-E1B0-43E6-8BFA-4D954E8490D1}"
EndProject
Global
	GlobalSection(SolutionConfigurationPlatforms) = preSolution
		Debug|Any CPU = Debug|Any CPU
		Release|Any CPU = Release|Any CPU
	EndGlobalSection
	GlobalSection(ProjectConfigurationPlatforms) = postSolution
		{BA87E4E6-8D04-47E6-9F70-84713AC54BE6}.Debug|Any CPU.ActiveCfg = Debug|Any CPU
		{BA87E4E6-8D04-47E6-9F70-84713AC54BE6}.Debug|Any CPU.Build.0 = Debug|Any CPU
		{BA87E4E6-8D04-47E6-9F70-84713AC54BE6}.Release|Any CPU.ActiveCfg = Release|Any CPU
		{BA87E4E6-8D04-47E6-9F70-84713AC54BE6}.Release|Any CPU.Build.0 = Release|Any CPU
		{167AB75F-7187-4B5B-87A4-93867AA31CEA}.Debug|Any CPU.ActiveCfg = Debug|Any CPU
		{167AB75F-7187-4B5B-87A4-93867AA31CEA}.Debug|Any CPU.Build.0 = Debug|Any CPU
		{167AB75F-7187-4B5B-87A4-93867AA31CEA}.Release|Any CPU.ActiveCfg = Release|Any CPU
		{167AB75F-7187-4B5B-87A4-93867AA31CEA}.Release|Any CPU.Build.0 = Release|Any CPU
		{DBF0E95F-804E-480F-A5D1-131E27894E9D}.Debug|Any CPU.ActiveCfg = Debug|Any CPU
		{DBF0E95F-804E-480F-A5D1-131E27894E9D}.Debug|Any CPU.Build.0 = Debug|Any CPU
		{DBF0E95F-804E-480F-A5D1-131E27894E9D}.Release|Any CPU.ActiveCfg = Release|Any CPU
		{DBF0E95F-804E-480F-A5D1-131E27894E9D}.Release|Any CPU.Build.0 = Release|Any CPU
		{085337A1-09F5-401A-AA44-96CE2CF9AEDB}.Debug|Any CPU.ActiveCfg = Debug|Any CPU
		{085337A1-09F5-401A-AA44-96CE2CF9AEDB}.Debug|Any CPU.Build.0 = Debug|Any CPU
		{085337A1-09F5-401A-AA44-96CE2CF9AEDB}.Release|Any CPU.ActiveCfg = Release|Any CPU
		{085337A1-09F5-401A-AA44-96CE2CF9AEDB}.Release|Any CPU.Build.0 = Release|Any CPU
		{7C2F64C9-39EB-47CA-AD0D-60C5F480ED89}.Debug|Any CPU.ActiveCfg = Debug|Any CPU
		{7C2F64C9-39EB-47CA-AD0D-60C5F480ED89}.Debug|Any CPU.Build.0 = Debug|Any CPU
		{7C2F64C9-39EB-47CA-AD0D-60C5F480ED89}.Release|Any CPU.ActiveCfg = Release|Any CPU
		{7C2F64C9-39EB-47CA-AD0D-60C5F480ED89}.Release|Any CPU.Build.0 = Release|Any CPU
		{5360EF56-2E61-4362-9DA0-1A5B6C3A4FAE}.Debug|Any CPU.ActiveCfg = Debug|Any CPU
		{5360EF56-2E61-4362-9DA0-1A5B6C3A4FAE}.Debug|Any CPU.Build.0 = Debug|Any CPU
		{5360EF56-2E61-4362-9DA0-1A5B6C3A4FAE}.Release|Any CPU.ActiveCfg = Release|Any CPU
		{5360EF56-2E61-4362-9DA0-1A5B6C3A4FAE}.Release|Any CPU.Build.0 = Release|Any CPU
		{A81522CA-353A-49E2-A4F4-FD9A27720919}.Debug|Any CPU.ActiveCfg = Debug|Any CPU
		{A81522CA-353A-49E2-A4F4-FD9A27720919}.Debug|Any CPU.Build.0 = Debug|Any CPU
		{A81522CA-353A-49E2-A4F4-FD9A27720919}.Release|Any CPU.ActiveCfg = Release|Any CPU
		{A81522CA-353A-49E2-A4F4-FD9A27720919}.Release|Any CPU.Build.0 = Release|Any CPU
		{9E791C97-8BA8-4E21-9E60-76EA27DD467A}.Debug|Any CPU.ActiveCfg = Debug|Any CPU
		{9E791C97-8BA8-4E21-9E60-76EA27DD467A}.Debug|Any CPU.Build.0 = Debug|Any CPU
		{9E791C97-8BA8-4E21-9E60-76EA27DD467A}.Release|Any CPU.ActiveCfg = Release|Any CPU
		{9E791C97-8BA8-4E21-9E60-76EA27DD467A}.Release|Any CPU.Build.0 = Release|Any CPU
		{458D99FC-FB70-4060-B2F1-0F596C93C23A}.Debug|Any CPU.ActiveCfg = Debug|Any CPU
		{458D99FC-FB70-4060-B2F1-0F596C93C23A}.Debug|Any CPU.Build.0 = Debug|Any CPU
		{458D99FC-FB70-4060-B2F1-0F596C93C23A}.Release|Any CPU.ActiveCfg = Release|Any CPU
		{458D99FC-FB70-4060-B2F1-0F596C93C23A}.Release|Any CPU.Build.0 = Release|Any CPU
		{A7B08CA5-4E16-4C5D-8329-71FFF350D0D3}.Debug|Any CPU.ActiveCfg = Debug|Any CPU
		{A7B08CA5-4E16-4C5D-8329-71FFF350D0D3}.Debug|Any CPU.Build.0 = Debug|Any CPU
		{A7B08CA5-4E16-4C5D-8329-71FFF350D0D3}.Release|Any CPU.ActiveCfg = Release|Any CPU
		{A7B08CA5-4E16-4C5D-8329-71FFF350D0D3}.Release|Any CPU.Build.0 = Release|Any CPU
		{76650959-A2CB-4364-9697-BEA5F1166B1C}.Debug|Any CPU.ActiveCfg = Debug|Any CPU
		{76650959-A2CB-4364-9697-BEA5F1166B1C}.Debug|Any CPU.Build.0 = Debug|Any CPU
		{76650959-A2CB-4364-9697-BEA5F1166B1C}.Release|Any CPU.ActiveCfg = Release|Any CPU
		{76650959-A2CB-4364-9697-BEA5F1166B1C}.Release|Any CPU.Build.0 = Release|Any CPU
		{C5C08D02-4DB7-4025-A30F-AA5D06DEA261}.Debug|Any CPU.ActiveCfg = Debug|Any CPU
		{C5C08D02-4DB7-4025-A30F-AA5D06DEA261}.Debug|Any CPU.Build.0 = Debug|Any CPU
		{C5C08D02-4DB7-4025-A30F-AA5D06DEA261}.Release|Any CPU.ActiveCfg = Release|Any CPU
		{C5C08D02-4DB7-4025-A30F-AA5D06DEA261}.Release|Any CPU.Build.0 = Release|Any CPU
		{6D8A4B55-931A-411F-A4A4-981646101A7A}.Debug|Any CPU.ActiveCfg = Debug|Any CPU
		{6D8A4B55-931A-411F-A4A4-981646101A7A}.Debug|Any CPU.Build.0 = Debug|Any CPU
		{6D8A4B55-931A-411F-A4A4-981646101A7A}.Release|Any CPU.ActiveCfg = Release|Any CPU
		{6D8A4B55-931A-411F-A4A4-981646101A7A}.Release|Any CPU.Build.0 = Release|Any CPU
		{32C1681F-1EAC-471B-A1A4-1161A3BB76E6}.Debug|Any CPU.ActiveCfg = Debug|Any CPU
		{32C1681F-1EAC-471B-A1A4-1161A3BB76E6}.Debug|Any CPU.Build.0 = Debug|Any CPU
		{32C1681F-1EAC-471B-A1A4-1161A3BB76E6}.Release|Any CPU.ActiveCfg = Release|Any CPU
		{32C1681F-1EAC-471B-A1A4-1161A3BB76E6}.Release|Any CPU.Build.0 = Release|Any CPU
		{103FE643-EC25-464B-AB5C-00A856EFE765}.Debug|Any CPU.ActiveCfg = Debug|Any CPU
		{103FE643-EC25-464B-AB5C-00A856EFE765}.Debug|Any CPU.Build.0 = Debug|Any CPU
		{103FE643-EC25-464B-AB5C-00A856EFE765}.Release|Any CPU.ActiveCfg = Release|Any CPU
		{103FE643-EC25-464B-AB5C-00A856EFE765}.Release|Any CPU.Build.0 = Release|Any CPU
		{9094B87A-E1B0-43E6-8BFA-4D954E8490D1}.Debug|Any CPU.ActiveCfg = Debug|Any CPU
		{9094B87A-E1B0-43E6-8BFA-4D954E8490D1}.Debug|Any CPU.Build.0 = Debug|Any CPU
		{9094B87A-E1B0-43E6-8BFA-4D954E8490D1}.Release|Any CPU.ActiveCfg = Release|Any CPU
		{9094B87A-E1B0-43E6-8BFA-4D954E8490D1}.Release|Any CPU.Build.0 = Release|Any CPU
	EndGlobalSection
	GlobalSection(SolutionProperties) = preSolution
		HideSolutionNode = FALSE
	EndGlobalSection
EndGlobal
