
Microsoft Visual Studio Solution File, Format Version 12.00
# Visual Studio 2012
Project("{FAE04EC0-301F-11D3-BF4B-00C04F79EFBC}") = "01.Page", "WebApplication1\01.Page.csproj", "{AD44C500-D9B1-4D04-AB76-8BA67915A674}"
EndProject
Project("{FAE04EC0-301F-11D3-BF4B-00C04F79EFBC}") = "WebApplication2", "WebApplication2\WebApplication2.csproj", "{715B15BD-3AA0-4EDE-88BF-914A06F303D7}"
EndProject
Global
	GlobalSection(SolutionConfigurationPlatforms) = preSolution
		Debug|Any CPU = Debug|Any CPU
		Release|Any CPU = Release|Any CPU
	EndGlobalSection
	GlobalSection(ProjectConfigurationPlatforms) = postSolution
		{AD44C500-D9B1-4D04-AB76-8BA67915A674}.Debug|Any CPU.ActiveCfg = Debug|Any CPU
		{AD44C500-D9B1-4D04-AB76-8BA67915A674}.Debug|Any CPU.Build.0 = Debug|Any CPU
		{AD44C500-D9B1-4D04-AB76-8BA67915A674}.Release|Any CPU.ActiveCfg = Release|Any CPU
		{AD44C500-D9B1-4D04-AB76-8BA67915A674}.Release|Any CPU.Build.0 = Release|Any CPU
		{715B15BD-3AA0-4EDE-88BF-914A06F303D7}.Debug|Any CPU.ActiveCfg = Debug|Any CPU
		{715B15BD-3AA0-4EDE-88BF-914A06F303D7}.Debug|Any CPU.Build.0 = Debug|Any CPU
		{715B15BD-3AA0-4EDE-88BF-914A06F303D7}.Release|Any CPU.ActiveCfg = Release|Any CPU
		{715B15BD-3AA0-4EDE-88BF-914A06F303D7}.Release|Any CPU.Build.0 = Release|Any CPU
	EndGlobalSection
	GlobalSection(SolutionProperties) = preSolution
		HideSolutionNode = FALSE
	EndGlobalSection
EndGlobal
