
Microsoft Visual Studio Solution File, Format Version 12.00
# Visual Studio 2012
Project("{FAE04EC0-301F-11D3-BF4B-00C04F79EFBC}") = "01.Matrix", "01.Matrix\01.Matrix.csproj", "{91EB1956-52EF-4B34-AEF0-EAE5BF732208}"
EndProject
Project("{FAE04EC0-301F-11D3-BF4B-00C04F79EFBC}") = "02.MaxSumOf3x3Matrix", "02.MaxSumOf3x3Matrix\02.MaxSumOf3x3Matrix.csproj", "{F71D5CFC-3815-4ED0-9C4A-57BA398C7F8E}"
EndProject
Project("{FAE04EC0-301F-11D3-BF4B-00C04F79EFBC}") = "03.SequencesInMatrix", "03.SequencesInMatrix\03.SequencesInMatrix.csproj", "{2D3D54CC-4589-4C1F-AF49-DF795A8F995E}"
EndProject
Global
	GlobalSection(SolutionConfigurationPlatforms) = preSolution
		Debug|Any CPU = Debug|Any CPU
		Release|Any CPU = Release|Any CPU
	EndGlobalSection
	GlobalSection(ProjectConfigurationPlatforms) = postSolution
		{91EB1956-52EF-4B34-AEF0-EAE5BF732208}.Debug|Any CPU.ActiveCfg = Debug|Any CPU
		{91EB1956-52EF-4B34-AEF0-EAE5BF732208}.Debug|Any CPU.Build.0 = Debug|Any CPU
		{91EB1956-52EF-4B34-AEF0-EAE5BF732208}.Release|Any CPU.ActiveCfg = Release|Any CPU
		{91EB1956-52EF-4B34-AEF0-EAE5BF732208}.Release|Any CPU.Build.0 = Release|Any CPU
		{F71D5CFC-3815-4ED0-9C4A-57BA398C7F8E}.Debug|Any CPU.ActiveCfg = Debug|Any CPU
		{F71D5CFC-3815-4ED0-9C4A-57BA398C7F8E}.Debug|Any CPU.Build.0 = Debug|Any CPU
		{F71D5CFC-3815-4ED0-9C4A-57BA398C7F8E}.Release|Any CPU.ActiveCfg = Release|Any CPU
		{F71D5CFC-3815-4ED0-9C4A-57BA398C7F8E}.Release|Any CPU.Build.0 = Release|Any CPU
		{2D3D54CC-4589-4C1F-AF49-DF795A8F995E}.Debug|Any CPU.ActiveCfg = Debug|Any CPU
		{2D3D54CC-4589-4C1F-AF49-DF795A8F995E}.Debug|Any CPU.Build.0 = Debug|Any CPU
		{2D3D54CC-4589-4C1F-AF49-DF795A8F995E}.Release|Any CPU.ActiveCfg = Release|Any CPU
		{2D3D54CC-4589-4C1F-AF49-DF795A8F995E}.Release|Any CPU.Build.0 = Release|Any CPU
	EndGlobalSection
	GlobalSection(SolutionProperties) = preSolution
		HideSolutionNode = FALSE
	EndGlobalSection
EndGlobal
