
Microsoft Visual Studio Solution File, Format Version 10.00
# Visual Studio 2008
Project("{FAE04EC0-301F-11D3-BF4B-00C04F79EFBC}") = "02GreedyDwarf", "02GreedyDwarf\02GreedyDwarf.csproj", "{3BFF1A9A-7D55-4F15-BAFA-9D74A05F5CA5}"
EndProject
Project("{FAE04EC0-301F-11D3-BF4B-00C04F79EFBC}") = "01.KaspichanNumbers", "01.KaspichanNumbers\01.KaspichanNumbers.csproj", "{B5C71028-D575-4D84-BFA0-A356F0A34BA9}"
EndProject
Project("{FAE04EC0-301F-11D3-BF4B-00C04F79EFBC}") = "11.DurankulakNumbers", "11.DurankulakNumbers\11.DurankulakNumbers.csproj", "{FF6B2455-A2B1-4426-938F-C02DB423ED91}"
EndProject
Project("{FAE04EC0-301F-11D3-BF4B-00C04F79EFBC}") = "21.9GagNumbers", "21.9GagNumbers\21.9GagNumbers.csproj", "{25E6B8B3-CB3B-4DDC-A459-8CCDF9EAF1C9}"
EndProject
Project("{FAE04EC0-301F-11D3-BF4B-00C04F79EFBC}") = "22.SpepialValue", "22.SpepialValue\22.SpepialValue.csproj", "{F4720379-4D19-4192-99A0-75384B432280}"
EndProject
Project("{FAE04EC0-301F-11D3-BF4B-00C04F79EFBC}") = "12.JoroTheRabbit", "12.JoroTheRabbit\12.JoroTheRabbit.csproj", "{B55107B9-7E1C-4245-84B2-2647D57F4073}"
EndProject
Global
	GlobalSection(SolutionConfigurationPlatforms) = preSolution
		Debug|Any CPU = Debug|Any CPU
		Release|Any CPU = Release|Any CPU
	EndGlobalSection
	GlobalSection(ProjectConfigurationPlatforms) = postSolution
		{3BFF1A9A-7D55-4F15-BAFA-9D74A05F5CA5}.Debug|Any CPU.ActiveCfg = Debug|Any CPU
		{3BFF1A9A-7D55-4F15-BAFA-9D74A05F5CA5}.Debug|Any CPU.Build.0 = Debug|Any CPU
		{3BFF1A9A-7D55-4F15-BAFA-9D74A05F5CA5}.Release|Any CPU.ActiveCfg = Release|Any CPU
		{3BFF1A9A-7D55-4F15-BAFA-9D74A05F5CA5}.Release|Any CPU.Build.0 = Release|Any CPU
		{B5C71028-D575-4D84-BFA0-A356F0A34BA9}.Debug|Any CPU.ActiveCfg = Debug|Any CPU
		{B5C71028-D575-4D84-BFA0-A356F0A34BA9}.Debug|Any CPU.Build.0 = Debug|Any CPU
		{B5C71028-D575-4D84-BFA0-A356F0A34BA9}.Release|Any CPU.ActiveCfg = Release|Any CPU
		{B5C71028-D575-4D84-BFA0-A356F0A34BA9}.Release|Any CPU.Build.0 = Release|Any CPU
		{FF6B2455-A2B1-4426-938F-C02DB423ED91}.Debug|Any CPU.ActiveCfg = Debug|Any CPU
		{FF6B2455-A2B1-4426-938F-C02DB423ED91}.Debug|Any CPU.Build.0 = Debug|Any CPU
		{FF6B2455-A2B1-4426-938F-C02DB423ED91}.Release|Any CPU.ActiveCfg = Release|Any CPU
		{FF6B2455-A2B1-4426-938F-C02DB423ED91}.Release|Any CPU.Build.0 = Release|Any CPU
		{25E6B8B3-CB3B-4DDC-A459-8CCDF9EAF1C9}.Debug|Any CPU.ActiveCfg = Debug|Any CPU
		{25E6B8B3-CB3B-4DDC-A459-8CCDF9EAF1C9}.Debug|Any CPU.Build.0 = Debug|Any CPU
		{25E6B8B3-CB3B-4DDC-A459-8CCDF9EAF1C9}.Release|Any CPU.ActiveCfg = Release|Any CPU
		{25E6B8B3-CB3B-4DDC-A459-8CCDF9EAF1C9}.Release|Any CPU.Build.0 = Release|Any CPU
		{F4720379-4D19-4192-99A0-75384B432280}.Debug|Any CPU.ActiveCfg = Debug|Any CPU
		{F4720379-4D19-4192-99A0-75384B432280}.Debug|Any CPU.Build.0 = Debug|Any CPU
		{F4720379-4D19-4192-99A0-75384B432280}.Release|Any CPU.ActiveCfg = Release|Any CPU
		{F4720379-4D19-4192-99A0-75384B432280}.Release|Any CPU.Build.0 = Release|Any CPU
		{B55107B9-7E1C-4245-84B2-2647D57F4073}.Debug|Any CPU.ActiveCfg = Debug|Any CPU
		{B55107B9-7E1C-4245-84B2-2647D57F4073}.Debug|Any CPU.Build.0 = Debug|Any CPU
		{B55107B9-7E1C-4245-84B2-2647D57F4073}.Release|Any CPU.ActiveCfg = Release|Any CPU
		{B55107B9-7E1C-4245-84B2-2647D57F4073}.Release|Any CPU.Build.0 = Release|Any CPU
	EndGlobalSection
	GlobalSection(SolutionProperties) = preSolution
		HideSolutionNode = FALSE
	EndGlobalSection
EndGlobal
